
Microsoft Visual Studio Solution File, Format Version 12.00
# Visual Studio 2012
Project("{8BC9CEB8-8B4A-11D0-8D11-00A0C91BC942}") = "SGPA_Calculator", "SGPA_Calculator\SGPA_Calculator.vcxproj", "{3FE1EB09-F422-4404-9AAE-1E6A157ACE5F}"
EndProject
Global
	GlobalSection(SolutionConfigurationPlatforms) = preSolution
		Debug|Win32 = Debug|Win32
		Release|Win32 = Release|Win32
	EndGlobalSection
	GlobalSection(ProjectConfigurationPlatforms) = postSolution
		{3FE1EB09-F422-4404-9AAE-1E6A157ACE5F}.Debug|Win32.ActiveCfg = Debug|Win32
		{3FE1EB09-F422-4404-9AAE-1E6A157ACE5F}.Debug|Win32.Build.0 = Debug|Win32
		{3FE1EB09-F422-4404-9AAE-1E6A157ACE5F}.Release|Win32.ActiveCfg = Release|Win32
		{3FE1EB09-F422-4404-9AAE-1E6A157ACE5F}.Release|Win32.Build.0 = Release|Win32
	EndGlobalSection
	GlobalSection(SolutionProperties) = preSolution
		HideSolutionNode = FALSE
	EndGlobalSection
EndGlobal
